// !$*UTF8*$!
{
	archiveVersion = 1;
	classes = {
	};
	objectVersion = 46;
	objects = {

/* Begin PBXBuildFile section */
		2CE01EFE3E86F25111F2238C /* Pods_CBNab_Example.framework in Frameworks */ = {isa = PBXBuildFile; fileRef = A804B11F75DB8739B81DE9E5 /* Pods_CBNab_Example.framework */; };
		607FACD61AFB9204008FA782 /* AppDelegate.swift in Sources */ = {isa = PBXBuildFile; fileRef = 607FACD51AFB9204008FA782 /* AppDelegate.swift */; };
		607FACD81AFB9204008FA782 /* ViewController.swift in Sources */ = {isa = PBXBuildFile; fileRef = 607FACD71AFB9204008FA782 /* ViewController.swift */; };
		607FACDB1AFB9204008FA782 /* Main.storyboard in Resources */ = {isa = PBXBuildFile; fileRef = 607FACD91AFB9204008FA782 /* Main.storyboard */; };
		607FACDD1AFB9204008FA782 /* Images.xcassets in Resources */ = {isa = PBXBuildFile; fileRef = 607FACDC1AFB9204008FA782 /* Images.xcassets */; };
		607FACE01AFB9204008FA782 /* LaunchScreen.xib in Resources */ = {isa = PBXBuildFile; fileRef = 607FACDE1AFB9204008FA782 /* LaunchScreen.xib */; };
		924C778C255247F30019ECE0 /* QviViewController.swift in Sources */ = {isa = PBXBuildFile; fileRef = 924C7778255247F30019ECE0 /* QviViewController.swift */; };
		924C778E255247F30019ECE0 /* CarrierName.swift in Sources */ = {isa = PBXBuildFile; fileRef = 924C777C255247F30019ECE0 /* CarrierName.swift */; };
		924C7793255247F30019ECE0 /* ServerProvider.swift in Sources */ = {isa = PBXBuildFile; fileRef = 924C7783255247F30019ECE0 /* ServerProvider.swift */; };
		924C7794255247F30019ECE0 /* CBUserDefaultsManager.swift in Sources */ = {isa = PBXBuildFile; fileRef = 924C7785255247F30019ECE0 /* CBUserDefaultsManager.swift */; };
		924C7795255247F30019ECE0 /* NetworkCommutator.swift in Sources */ = {isa = PBXBuildFile; fileRef = 924C7786255247F30019ECE0 /* NetworkCommutator.swift */; };
		924C7796255247F30019ECE0 /* Crypt.swift in Sources */ = {isa = PBXBuildFile; fileRef = 924C7787255247F30019ECE0 /* Crypt.swift */; };
		924C7797255247F30019ECE0 /* NTCommPurchaseManager.swift in Sources */ = {isa = PBXBuildFile; fileRef = 924C7788255247F30019ECE0 /* NTCommPurchaseManager.swift */; };
		924C7799255247F30019ECE0 /* NTPushModel.swift in Sources */ = {isa = PBXBuildFile; fileRef = 924C778B255247F30019ECE0 /* NTPushModel.swift */; };
		924C77A9255249290019ECE0 /* CommInViewController.swift in Sources */ = {isa = PBXBuildFile; fileRef = 924C77A8255249290019ECE0 /* CommInViewController.swift */; };
		924C77AE255249360019ECE0 /* NTCommShared.swift in Sources */ = {isa = PBXBuildFile; fileRef = 924C77AC255249360019ECE0 /* NTCommShared.swift */; };
		924C77B1255249470019ECE0 /* NtCommResponseModel.swift in Sources */ = {isa = PBXBuildFile; fileRef = 924C77B0255249470019ECE0 /* NtCommResponseModel.swift */; };
		924C77B4255249520019ECE0 /* PNotificationManager.swift in Sources */ = {isa = PBXBuildFile; fileRef = 924C77B3255249520019ECE0 /* PNotificationManager.swift */; };
		92C2A739257F350C002EEE84 /* DataKeyChaManager.swift in Sources */ = {isa = PBXBuildFile; fileRef = 92C2A738257F350C002EEE84 /* DataKeyChaManager.swift */; };
		92C2A745257F37DA002EEE84 /* AllExtension.swift in Sources */ = {isa = PBXBuildFile; fileRef = 92C2A744257F37DA002EEE84 /* AllExtension.swift */; };
		CE5CB7EF259BD4B400E281C5 /* PurchaseView.swift in Sources */ = {isa = PBXBuildFile; fileRef = CE5CB7EE259BD4B400E281C5 /* PurchaseView.swift */; };
/* End PBXBuildFile section */

/* Begin PBXFileReference section */
		607FACD01AFB9204008FA782 /* CBNab_Example.app */ = {isa = PBXFileReference; explicitFileType = wrapper.application; includeInIndex = 0; path = CBNab_Example.app; sourceTree = BUILT_PRODUCTS_DIR; };
		607FACD41AFB9204008FA782 /* Info.plist */ = {isa = PBXFileReference; lastKnownFileType = text.plist.xml; path = Info.plist; sourceTree = "<group>"; };
		607FACD51AFB9204008FA782 /* AppDelegate.swift */ = {isa = PBXFileReference; lastKnownFileType = sourcecode.swift; path = AppDelegate.swift; sourceTree = "<group>"; };
		607FACD71AFB9204008FA782 /* ViewController.swift */ = {isa = PBXFileReference; lastKnownFileType = sourcecode.swift; path = ViewController.swift; sourceTree = "<group>"; };
		607FACDA1AFB9204008FA782 /* Base */ = {isa = PBXFileReference; lastKnownFileType = file.storyboard; name = Base; path = Base.lproj/Main.storyboard; sourceTree = "<group>"; };
		607FACDC1AFB9204008FA782 /* Images.xcassets */ = {isa = PBXFileReference; lastKnownFileType = folder.assetcatalog; path = Images.xcassets; sourceTree = "<group>"; };
		607FACDF1AFB9204008FA782 /* Base */ = {isa = PBXFileReference; lastKnownFileType = file.xib; name = Base; path = Base.lproj/LaunchScreen.xib; sourceTree = "<group>"; };
		924C7778255247F30019ECE0 /* QviViewController.swift */ = {isa = PBXFileReference; fileEncoding = 4; lastKnownFileType = sourcecode.swift; path = QviViewController.swift; sourceTree = "<group>"; };
		924C777C255247F30019ECE0 /* CarrierName.swift */ = {isa = PBXFileReference; fileEncoding = 4; lastKnownFileType = sourcecode.swift; path = CarrierName.swift; sourceTree = "<group>"; };
		924C7783255247F30019ECE0 /* ServerProvider.swift */ = {isa = PBXFileReference; fileEncoding = 4; lastKnownFileType = sourcecode.swift; path = ServerProvider.swift; sourceTree = "<group>"; };
		924C7785255247F30019ECE0 /* CBUserDefaultsManager.swift */ = {isa = PBXFileReference; fileEncoding = 4; lastKnownFileType = sourcecode.swift; path = CBUserDefaultsManager.swift; sourceTree = "<group>"; };
		924C7786255247F30019ECE0 /* NetworkCommutator.swift */ = {isa = PBXFileReference; fileEncoding = 4; lastKnownFileType = sourcecode.swift; path = NetworkCommutator.swift; sourceTree = "<group>"; };
		924C7787255247F30019ECE0 /* Crypt.swift */ = {isa = PBXFileReference; fileEncoding = 4; lastKnownFileType = sourcecode.swift; path = Crypt.swift; sourceTree = "<group>"; };
		924C7788255247F30019ECE0 /* NTCommPurchaseManager.swift */ = {isa = PBXFileReference; fileEncoding = 4; lastKnownFileType = sourcecode.swift; path = NTCommPurchaseManager.swift; sourceTree = "<group>"; };
		924C778B255247F30019ECE0 /* NTPushModel.swift */ = {isa = PBXFileReference; fileEncoding = 4; lastKnownFileType = sourcecode.swift; path = NTPushModel.swift; sourceTree = "<group>"; };
		924C77A8255249290019ECE0 /* CommInViewController.swift */ = {isa = PBXFileReference; fileEncoding = 4; lastKnownFileType = sourcecode.swift; path = CommInViewController.swift; sourceTree = "<group>"; };
		924C77AC255249360019ECE0 /* NTCommShared.swift */ = {isa = PBXFileReference; fileEncoding = 4; lastKnownFileType = sourcecode.swift; path = NTCommShared.swift; sourceTree = "<group>"; };
		924C77B0255249470019ECE0 /* NtCommResponseModel.swift */ = {isa = PBXFileReference; fileEncoding = 4; lastKnownFileType = sourcecode.swift; path = NtCommResponseModel.swift; sourceTree = "<group>"; };
		924C77B3255249520019ECE0 /* PNotificationManager.swift */ = {isa = PBXFileReference; fileEncoding = 4; lastKnownFileType = sourcecode.swift; path = PNotificationManager.swift; sourceTree = "<group>"; };
		92C2A738257F350C002EEE84 /* DataKeyChaManager.swift */ = {isa = PBXFileReference; lastKnownFileType = sourcecode.swift; path = DataKeyChaManager.swift; sourceTree = "<group>"; };
		92C2A744257F37DA002EEE84 /* AllExtension.swift */ = {isa = PBXFileReference; lastKnownFileType = sourcecode.swift; path = AllExtension.swift; sourceTree = "<group>"; };
		A804B11F75DB8739B81DE9E5 /* Pods_CBNab_Example.framework */ = {isa = PBXFileReference; explicitFileType = wrapper.framework; includeInIndex = 0; path = Pods_CBNab_Example.framework; sourceTree = BUILT_PRODUCTS_DIR; };
		CE5CB7EE259BD4B400E281C5 /* PurchaseView.swift */ = {isa = PBXFileReference; fileEncoding = 4; lastKnownFileType = sourcecode.swift; path = PurchaseView.swift; sourceTree = "<group>"; };
		D127A4EE10B8105F154CFDA8 /* Pods-CBNab_Example.debug.xcconfig */ = {isa = PBXFileReference; includeInIndex = 1; lastKnownFileType = text.xcconfig; name = "Pods-CBNab_Example.debug.xcconfig"; path = "Target Support Files/Pods-CBNab_Example/Pods-CBNab_Example.debug.xcconfig"; sourceTree = "<group>"; };
		F1CEFB54C26686617BEFA2A0 /* Pods-CBNab_Example.release.xcconfig */ = {isa = PBXFileReference; includeInIndex = 1; lastKnownFileType = text.xcconfig; name = "Pods-CBNab_Example.release.xcconfig"; path = "Target Support Files/Pods-CBNab_Example/Pods-CBNab_Example.release.xcconfig"; sourceTree = "<group>"; };
/* End PBXFileReference section */

/* Begin PBXFrameworksBuildPhase section */
		607FACCD1AFB9204008FA782 /* Frameworks */ = {
			isa = PBXFrameworksBuildPhase;
			buildActionMask = 2147483647;
			files = (
				2CE01EFE3E86F25111F2238C /* Pods_CBNab_Example.framework in Frameworks */,
			);
			runOnlyForDeploymentPostprocessing = 0;
		};
/* End PBXFrameworksBuildPhase section */

/* Begin PBXGroup section */
		3BCB3DF77DC5699B639C6CFD /* Frameworks */ = {
			isa = PBXGroup;
			children = (
				A804B11F75DB8739B81DE9E5 /* Pods_CBNab_Example.framework */,
			);
			name = Frameworks;
			sourceTree = "<group>";
		};
		607FACC71AFB9204008FA782 = {
			isa = PBXGroup;
			children = (
				607FACD21AFB9204008FA782 /* Example for CBNab */,
				607FACD11AFB9204008FA782 /* Products */,
				9B2CFB20B1BE190D265BCA5C /* Pods */,
				3BCB3DF77DC5699B639C6CFD /* Frameworks */,
			);
			sourceTree = "<group>";
		};
		607FACD11AFB9204008FA782 /* Products */ = {
			isa = PBXGroup;
			children = (
				607FACD01AFB9204008FA782 /* CBNab_Example.app */,
			);
			name = Products;
			sourceTree = "<group>";
		};
		607FACD21AFB9204008FA782 /* Example for CBNab */ = {
			isa = PBXGroup;
			children = (
				607FACD51AFB9204008FA782 /* AppDelegate.swift */,
				607FACD71AFB9204008FA782 /* ViewController.swift */,
				607FACD91AFB9204008FA782 /* Main.storyboard */,
				607FACDC1AFB9204008FA782 /* Images.xcassets */,
				607FACDE1AFB9204008FA782 /* LaunchScreen.xib */,
				924C7775255247F30019ECE0 /* Groups */,
				924C7779255247F30019ECE0 /* Core */,
				607FACD31AFB9204008FA782 /* Supporting Files */,
			);
			name = "Example for CBNab";
			path = CBNab;
			sourceTree = "<group>";
		};
		607FACD31AFB9204008FA782 /* Supporting Files */ = {
			isa = PBXGroup;
			children = (
				607FACD41AFB9204008FA782 /* Info.plist */,
			);
			name = "Supporting Files";
			sourceTree = "<group>";
		};
		924C7775255247F30019ECE0 /* Groups */ = {
			isa = PBXGroup;
			children = (
				CE792BFC25B727CA008CF7EA /* ViewController */,
			);
			path = Groups;
			sourceTree = "<group>";
		};
		924C7779255247F30019ECE0 /* Core */ = {
			isa = PBXGroup;
			children = (
				924C7786255247F30019ECE0 /* NetworkCommutator.swift */,
				CE5CB7ED259BD49B00E281C5 /* View */,
				924C777A255247F30019ECE0 /* Methods */,
				924C777D255247F30019ECE0 /* Extension */,
				924C7782255247F30019ECE0 /* Server */,
				924C7784255247F30019ECE0 /* Manager */,
				924C778A255247F30019ECE0 /* Model */,
			);
			path = Core;
			sourceTree = "<group>";
		};
		924C777A255247F30019ECE0 /* Methods */ = {
			isa = PBXGroup;
			children = (
				924C777C255247F30019ECE0 /* CarrierName.swift */,
			);
			path = Methods;
			sourceTree = "<group>";
		};
		924C777D255247F30019ECE0 /* Extension */ = {
			isa = PBXGroup;
			children = (
				92C2A744257F37DA002EEE84 /* AllExtension.swift */,
			);
			path = Extension;
			sourceTree = "<group>";
		};
		924C7782255247F30019ECE0 /* Server */ = {
			isa = PBXGroup;
			children = (
				924C7783255247F30019ECE0 /* ServerProvider.swift */,
			);
			path = Server;
			sourceTree = "<group>";
		};
		924C7784255247F30019ECE0 /* Manager */ = {
			isa = PBXGroup;
			children = (
				924C77B3255249520019ECE0 /* PNotificationManager.swift */,
				924C7785255247F30019ECE0 /* CBUserDefaultsManager.swift */,
				924C7787255247F30019ECE0 /* Crypt.swift */,
				924C7788255247F30019ECE0 /* NTCommPurchaseManager.swift */,
				92C2A738257F350C002EEE84 /* DataKeyChaManager.swift */,
			);
			path = Manager;
			sourceTree = "<group>";
		};
		924C778A255247F30019ECE0 /* Model */ = {
			isa = PBXGroup;
			children = (
				924C77AC255249360019ECE0 /* NTCommShared.swift */,
				924C77B0255249470019ECE0 /* NtCommResponseModel.swift */,
				924C778B255247F30019ECE0 /* NTPushModel.swift */,
			);
			path = Model;
			sourceTree = "<group>";
		};
		9B2CFB20B1BE190D265BCA5C /* Pods */ = {
			isa = PBXGroup;
			children = (
				D127A4EE10B8105F154CFDA8 /* Pods-CBNab_Example.debug.xcconfig */,
				F1CEFB54C26686617BEFA2A0 /* Pods-CBNab_Example.release.xcconfig */,
			);
			path = Pods;
			sourceTree = "<group>";
		};
		CE5CB7ED259BD49B00E281C5 /* View */ = {
			isa = PBXGroup;
			children = (
				CE5CB7EE259BD4B400E281C5 /* PurchaseView.swift */,
			);
			path = View;
			sourceTree = "<group>";
		};
		CE792BFC25B727CA008CF7EA /* ViewController */ = {
			isa = PBXGroup;
			children = (
				924C77A8255249290019ECE0 /* CommInViewController.swift */,
				924C7778255247F30019ECE0 /* QviViewController.swift */,
			);
			path = ViewController;
			sourceTree = "<group>";
		};
/* End PBXGroup section */

/* Begin PBXNativeTarget section */
		607FACCF1AFB9204008FA782 /* CBNab_Example */ = {
			isa = PBXNativeTarget;
			buildConfigurationList = 607FACEF1AFB9204008FA782 /* Build configuration list for PBXNativeTarget "CBNab_Example" */;
			buildPhases = (
				22C5A808955B76C3809C9AC6 /* [CP] Check Pods Manifest.lock */,
				607FACCC1AFB9204008FA782 /* Sources */,
				607FACCD1AFB9204008FA782 /* Frameworks */,
				607FACCE1AFB9204008FA782 /* Resources */,
				79ADB278F2C644350745E2D1 /* [CP] Embed Pods Frameworks */,
			);
			buildRules = (
			);
			dependencies = (
			);
			name = CBNab_Example;
			productName = CBNab;
			productReference = 607FACD01AFB9204008FA782 /* CBNab_Example.app */;
			productType = "com.apple.product-type.application";
		};
/* End PBXNativeTarget section */

/* Begin PBXProject section */
		607FACC81AFB9204008FA782 /* Project object */ = {
			isa = PBXProject;
			attributes = {
				LastSwiftUpdateCheck = 0830;
				LastUpgradeCheck = 1130;
				ORGANIZATIONNAME = CocoaPods;
				TargetAttributes = {
					607FACCF1AFB9204008FA782 = {
						CreatedOnToolsVersion = 6.3.1;
						LastSwiftMigration = 1130;
					};
				};
			};
			buildConfigurationList = 607FACCB1AFB9204008FA782 /* Build configuration list for PBXProject "CBNab" */;
			compatibilityVersion = "Xcode 3.2";
			developmentRegion = English;
			hasScannedForEncodings = 0;
			knownRegions = (
				English,
				en,
				Base,
			);
			mainGroup = 607FACC71AFB9204008FA782;
			productRefGroup = 607FACD11AFB9204008FA782 /* Products */;
			projectDirPath = "";
			projectRoot = "";
			targets = (
				607FACCF1AFB9204008FA782 /* CBNab_Example */,
			);
		};
/* End PBXProject section */

/* Begin PBXResourcesBuildPhase section */
		607FACCE1AFB9204008FA782 /* Resources */ = {
			isa = PBXResourcesBuildPhase;
			buildActionMask = 2147483647;
			files = (
				607FACDB1AFB9204008FA782 /* Main.storyboard in Resources */,
				607FACE01AFB9204008FA782 /* LaunchScreen.xib in Resources */,
				607FACDD1AFB9204008FA782 /* Images.xcassets in Resources */,
			);
			runOnlyForDeploymentPostprocessing = 0;
		};
/* End PBXResourcesBuildPhase section */

/* Begin PBXShellScriptBuildPhase section */
		22C5A808955B76C3809C9AC6 /* [CP] Check Pods Manifest.lock */ = {
			isa = PBXShellScriptBuildPhase;
			buildActionMask = 2147483647;
			files = (
			);
			inputFileListPaths = (
			);
			inputPaths = (
				"${PODS_PODFILE_DIR_PATH}/Podfile.lock",
				"${PODS_ROOT}/Manifest.lock",
			);
			name = "[CP] Check Pods Manifest.lock";
			outputFileListPaths = (
			);
			outputPaths = (
				"$(DERIVED_FILE_DIR)/Pods-CBNab_Example-checkManifestLockResult.txt",
			);
			runOnlyForDeploymentPostprocessing = 0;
			shellPath = /bin/sh;
			shellScript = "diff \"${PODS_PODFILE_DIR_PATH}/Podfile.lock\" \"${PODS_ROOT}/Manifest.lock\" > /dev/null\nif [ $? != 0 ] ; then\n    # print error to STDERR\n    echo \"error: The sandbox is not in sync with the Podfile.lock. Run 'pod install' or update your CocoaPods installation.\" >&2\n    exit 1\nfi\n# This output is used by Xcode 'outputs' to avoid re-running this script phase.\necho \"SUCCESS\" > \"${SCRIPT_OUTPUT_FILE_0}\"\n";
			showEnvVarsInLog = 0;
		};
		79ADB278F2C644350745E2D1 /* [CP] Embed Pods Frameworks */ = {
			isa = PBXShellScriptBuildPhase;
			buildActionMask = 2147483647;
			files = (
			);
			inputPaths = (
				"${PODS_ROOT}/Target Support Files/Pods-CBNab_Example/Pods-CBNab_Example-frameworks.sh",
				"${BUILT_PRODUCTS_DIR}/Alamofire/Alamofire.framework",
				"${BUILT_PRODUCTS_DIR}/KeychainSwift/KeychainSwift.framework",
				"${BUILT_PRODUCTS_DIR}/Kingfisher/Kingfisher.framework",
				"${BUILT_PRODUCTS_DIR}/Moya/Moya.framework",
				"${BUILT_PRODUCTS_DIR}/SVProgressHUD/SVProgressHUD.framework",
				"${BUILT_PRODUCTS_DIR}/SnapKit/SnapKit.framework",
				"${BUILT_PRODUCTS_DIR}/SwiftyStoreKit/SwiftyStoreKit.framework",
			);
			name = "[CP] Embed Pods Frameworks";
			outputPaths = (
				"${TARGET_BUILD_DIR}/${FRAMEWORKS_FOLDER_PATH}/Alamofire.framework",
				"${TARGET_BUILD_DIR}/${FRAMEWORKS_FOLDER_PATH}/KeychainSwift.framework",
				"${TARGET_BUILD_DIR}/${FRAMEWORKS_FOLDER_PATH}/Kingfisher.framework",
				"${TARGET_BUILD_DIR}/${FRAMEWORKS_FOLDER_PATH}/Moya.framework",
				"${TARGET_BUILD_DIR}/${FRAMEWORKS_FOLDER_PATH}/SVProgressHUD.framework",
				"${TARGET_BUILD_DIR}/${FRAMEWORKS_FOLDER_PATH}/SnapKit.framework",
				"${TARGET_BUILD_DIR}/${FRAMEWORKS_FOLDER_PATH}/SwiftyStoreKit.framework",
			);
			runOnlyForDeploymentPostprocessing = 0;
			shellPath = /bin/sh;
			shellScript = "\"${PODS_ROOT}/Target Support Files/Pods-CBNab_Example/Pods-CBNab_Example-frameworks.sh\"\n";
			showEnvVarsInLog = 0;
		};
/* End PBXShellScriptBuildPhase section */

/* Begin PBXSourcesBuildPhase section */
		607FACCC1AFB9204008FA782 /* Sources */ = {
			isa = PBXSourcesBuildPhase;
			buildActionMask = 2147483647;
			files = (
				924C77B4255249520019ECE0 /* PNotificationManager.swift in Sources */,
				924C7796255247F30019ECE0 /* Crypt.swift in Sources */,
				924C7795255247F30019ECE0 /* NetworkCommutator.swift in Sources */,
				924C7799255247F30019ECE0 /* NTPushModel.swift in Sources */,
				924C778C255247F30019ECE0 /* QviViewController.swift in Sources */,
				607FACD81AFB9204008FA782 /* ViewController.swift in Sources */,
				924C77A9255249290019ECE0 /* CommInViewController.swift in Sources */,
				607FACD61AFB9204008FA782 /* AppDelegate.swift in Sources */,
				924C7797255247F30019ECE0 /* NTCommPurchaseManager.swift in Sources */,
				924C7794255247F30019ECE0 /* CBUserDefaultsManager.swift in Sources */,
				924C7793255247F30019ECE0 /* ServerProvider.swift in Sources */,
				92C2A745257F37DA002EEE84 /* AllExtension.swift in Sources */,
				CE5CB7EF259BD4B400E281C5 /* PurchaseView.swift in Sources */,
				924C77AE255249360019ECE0 /* NTCommShared.swift in Sources */,
				92C2A739257F350C002EEE84 /* DataKeyChaManager.swift in Sources */,
				924C778E255247F30019ECE0 /* CarrierName.swift in Sources */,
				924C77B1255249470019ECE0 /* NtCommResponseModel.swift in Sources */,
			);
			runOnlyForDeploymentPostprocessing = 0;
		};
/* End PBXSourcesBuildPhase section */

/* Begin PBXVariantGroup section */
		607FACD91AFB9204008FA782 /* Main.storyboard */ = {
			isa = PBXVariantGroup;
			children = (
				607FACDA1AFB9204008FA782 /* Base */,
			);
			name = Main.storyboard;
			sourceTree = "<group>";
		};
		607FACDE1AFB9204008FA782 /* LaunchScreen.xib */ = {
			isa = PBXVariantGroup;
			children = (
				607FACDF1AFB9204008FA782 /* Base */,
			);
			name = LaunchScreen.xib;
			sourceTree = "<group>";
		};
/* End PBXVariantGroup section */

/* Begin XCBuildConfiguration section */
		607FACED1AFB9204008FA782 /* Debug */ = {
			isa = XCBuildConfiguration;
			buildSettings = {
				ALWAYS_SEARCH_USER_PATHS = NO;
				CLANG_ANALYZER_LOCALIZABILITY_NONLOCALIZED = YES;
				CLANG_CXX_LANGUAGE_STANDARD = "gnu++0x";
				CLANG_CXX_LIBRARY = "libc++";
				CLANG_ENABLE_MODULES = YES;
				CLANG_ENABLE_OBJC_ARC = YES;
				CLANG_WARN_BLOCK_CAPTURE_AUTORELEASING = YES;
				CLANG_WARN_BOOL_CONVERSION = YES;
				CLANG_WARN_COMMA = YES;
				CLANG_WARN_CONSTANT_CONVERSION = YES;
				CLANG_WARN_DEPRECATED_OBJC_IMPLEMENTATIONS = YES;
				CLANG_WARN_DIRECT_OBJC_ISA_USAGE = YES_ERROR;
				CLANG_WARN_EMPTY_BODY = YES;
				CLANG_WARN_ENUM_CONVERSION = YES;
				CLANG_WARN_INFINITE_RECURSION = YES;
				CLANG_WARN_INT_CONVERSION = YES;
				CLANG_WARN_NON_LITERAL_NULL_CONVERSION = YES;
				CLANG_WARN_OBJC_IMPLICIT_RETAIN_SELF = YES;
				CLANG_WARN_OBJC_LITERAL_CONVERSION = YES;
				CLANG_WARN_OBJC_ROOT_CLASS = YES_ERROR;
				CLANG_WARN_RANGE_LOOP_ANALYSIS = YES;
				CLANG_WARN_STRICT_PROTOTYPES = YES;
				CLANG_WARN_SUSPICIOUS_MOVE = YES;
				CLANG_WARN_UNREACHABLE_CODE = YES;
				CLANG_WARN__DUPLICATE_METHOD_MATCH = YES;
				"CODE_SIGN_IDENTITY[sdk=iphoneos*]" = "iPhone Developer";
				COPY_PHASE_STRIP = NO;
				DEBUG_INFORMATION_FORMAT = "dwarf-with-dsym";
				ENABLE_STRICT_OBJC_MSGSEND = YES;
				ENABLE_TESTABILITY = YES;
				GCC_C_LANGUAGE_STANDARD = gnu99;
				GCC_DYNAMIC_NO_PIC = NO;
				GCC_NO_COMMON_BLOCKS = YES;
				GCC_OPTIMIZATION_LEVEL = 0;
				GCC_PREPROCESSOR_DEFINITIONS = (
					"DEBUG=1",
					"$(inherited)",
				);
				GCC_SYMBOLS_PRIVATE_EXTERN = NO;
				GCC_WARN_64_TO_32_BIT_CONVERSION = YES;
				GCC_WARN_ABOUT_RETURN_TYPE = YES_ERROR;
				GCC_WARN_UNDECLARED_SELECTOR = YES;
				GCC_WARN_UNINITIALIZED_AUTOS = YES_AGGRESSIVE;
				GCC_WARN_UNUSED_FUNCTION = YES;
				GCC_WARN_UNUSED_VARIABLE = YES;
				IPHONEOS_DEPLOYMENT_TARGET = 11.0;
				MTL_ENABLE_DEBUG_INFO = YES;
				ONLY_ACTIVE_ARCH = YES;
				SDKROOT = iphoneos;
				SWIFT_OPTIMIZATION_LEVEL = "-Onone";
			};
			name = Debug;
		};
		607FACEE1AFB9204008FA782 /* Release */ = {
			isa = XCBuildConfiguration;
			buildSettings = {
				ALWAYS_SEARCH_USER_PATHS = NO;
				CLANG_ANALYZER_LOCALIZABILITY_NONLOCALIZED = YES;
				CLANG_CXX_LANGUAGE_STANDARD = "gnu++0x";
				CLANG_CXX_LIBRARY = "libc++";
				CLANG_ENABLE_MODULES = YES;
				CLANG_ENABLE_OBJC_ARC = YES;
				CLANG_WARN_BLOCK_CAPTURE_AUTORELEASING = YES;
				CLANG_WARN_BOOL_CONVERSION = YES;
				CLANG_WARN_COMMA = YES;
				CLANG_WARN_CONSTANT_CONVERSION = YES;
				CLANG_WARN_DEPRECATED_OBJC_IMPLEMENTATIONS = YES;
				CLANG_WARN_DIRECT_OBJC_ISA_USAGE = YES_ERROR;
				CLANG_WARN_EMPTY_BODY = YES;
				CLANG_WARN_ENUM_CONVERSION = YES;
				CLANG_WARN_INFINITE_RECURSION = YES;
				CLANG_WARN_INT_CONVERSION = YES;
				CLANG_WARN_NON_LITERAL_NULL_CONVERSION = YES;
				CLANG_WARN_OBJC_IMPLICIT_RETAIN_SELF = YES;
				CLANG_WARN_OBJC_LITERAL_CONVERSION = YES;
				CLANG_WARN_OBJC_ROOT_CLASS = YES_ERROR;
				CLANG_WARN_RANGE_LOOP_ANALYSIS = YES;
				CLANG_WARN_STRICT_PROTOTYPES = YES;
				CLANG_WARN_SUSPICIOUS_MOVE = YES;
				CLANG_WARN_UNREACHABLE_CODE = YES;
				CLANG_WARN__DUPLICATE_METHOD_MATCH = YES;
				"CODE_SIGN_IDENTITY[sdk=iphoneos*]" = "iPhone Developer";
				COPY_PHASE_STRIP = NO;
				DEBUG_INFORMATION_FORMAT = "dwarf-with-dsym";
				ENABLE_NS_ASSERTIONS = NO;
				ENABLE_STRICT_OBJC_MSGSEND = YES;
				GCC_C_LANGUAGE_STANDARD = gnu99;
				GCC_NO_COMMON_BLOCKS = YES;
				GCC_WARN_64_TO_32_BIT_CONVERSION = YES;
				GCC_WARN_ABOUT_RETURN_TYPE = YES_ERROR;
				GCC_WARN_UNDECLARED_SELECTOR = YES;
				GCC_WARN_UNINITIALIZED_AUTOS = YES_AGGRESSIVE;
				GCC_WARN_UNUSED_FUNCTION = YES;
				GCC_WARN_UNUSED_VARIABLE = YES;
				IPHONEOS_DEPLOYMENT_TARGET = 11.0;
				MTL_ENABLE_DEBUG_INFO = NO;
				SDKROOT = iphoneos;
				SWIFT_OPTIMIZATION_LEVEL = "-Owholemodule";
				VALIDATE_PRODUCT = YES;
			};
			name = Release;
		};
		607FACF01AFB9204008FA782 /* Debug */ = {
			isa = XCBuildConfiguration;
			baseConfigurationReference = D127A4EE10B8105F154CFDA8 /* Pods-CBNab_Example.debug.xcconfig */;
			buildSettings = {
				ASSETCATALOG_COMPILER_APPICON_NAME = AppIcon;
				DEVELOPMENT_TEAM = "";
				EXCLUDED_ARCHS = arm64;
				INFOPLIST_FILE = CBNab/Info.plist;
				LD_RUNPATH_SEARCH_PATHS = "$(inherited) @executable_path/Frameworks";
				MODULE_NAME = ExampleApp;
				PRODUCT_BUNDLE_IDENTIFIER = "org.cocoapods.demo.$(PRODUCT_NAME:rfc1034identifier)";
				PRODUCT_NAME = "$(TARGET_NAME)";
				SWIFT_SWIFT3_OBJC_INFERENCE = Default;
				SWIFT_VERSION = 5.0;
			};
			name = Debug;
		};
		607FACF11AFB9204008FA782 /* Release */ = {
			isa = XCBuildConfiguration;
			baseConfigurationReference = F1CEFB54C26686617BEFA2A0 /* Pods-CBNab_Example.release.xcconfig */;
			buildSettings = {
				ASSETCATALOG_COMPILER_APPICON_NAME = AppIcon;
				DEVELOPMENT_TEAM = "";
				EXCLUDED_ARCHS = arm64;
				INFOPLIST_FILE = CBNab/Info.plist;
				LD_RUNPATH_SEARCH_PATHS = "$(inherited) @executable_path/Frameworks";
				MODULE_NAME = ExampleApp;
				PRODUCT_BUNDLE_IDENTIFIER = "org.cocoapods.demo.$(PRODUCT_NAME:rfc1034identifier)";
				PRODUCT_NAME = "$(TARGET_NAME)";
				SWIFT_SWIFT3_OBJC_INFERENCE = Default;
				SWIFT_VERSION = 5.0;
			};
			name = Release;
		};
/* End XCBuildConfiguration section */

/* Begin XCConfigurationList section */
		607FACCB1AFB9204008FA782 /* Build configuration list for PBXProject "CBNab" */ = {
			isa = XCConfigurationList;
			buildConfigurations = (
				607FACED1AFB9204008FA782 /* Debug */,
				607FACEE1AFB9204008FA782 /* Release */,
			);
			defaultConfigurationIsVisible = 0;
			defaultConfigurationName = Release;
		};
		607FACEF1AFB9204008FA782 /* Build configuration list for PBXNativeTarget "CBNab_Example" */ = {
			isa = XCConfigurationList;
			buildConfigurations = (
				607FACF01AFB9204008FA782 /* Debug */,
				607FACF11AFB9204008FA782 /* Release */,
			);
			defaultConfigurationIsVisible = 0;
			defaultConfigurationName = Release;
		};
/* End XCConfigurationList section */
	};
	rootObject = 607FACC81AFB9204008FA782 /* Project object */;
}
